
Microsoft Visual Studio Solution File, Format Version 12.00
# Visual Studio Version 17
VisualStudioVersion = 17.7.34024.191
MinimumVisualStudioVersion = 10.0.40219.1
Project("{FAE04EC0-301F-11D3-BF4B-00C04F79EFBC}") = "1_2_project", "1_2_project.csproj", "{C5CE3F6B-DF63-4059-8EB4-AC911B4911EB}"
EndProject
Global
	GlobalSection(SolutionConfigurationPlatforms) = preSolution
		Debug|Any CPU = Debug|Any CPU
		Release|Any CPU = Release|Any CPU
	EndGlobalSection
	GlobalSection(ProjectConfigurationPlatforms) = postSolution
		{C5CE3F6B-DF63-4059-8EB4-AC911B4911EB}.Debug|Any CPU.ActiveCfg = Debug|Any CPU
		{C5CE3F6B-DF63-4059-8EB4-AC911B4911EB}.Debug|Any CPU.Build.0 = Debug|Any CPU
		{C5CE3F6B-DF63-4059-8EB4-AC911B4911EB}.Release|Any CPU.ActiveCfg = Release|Any CPU
		{C5CE3F6B-DF63-4059-8EB4-AC911B4911EB}.Release|Any CPU.Build.0 = Release|Any CPU
	EndGlobalSection
	GlobalSection(SolutionProperties) = preSolution
		HideSolutionNode = FALSE
	EndGlobalSection
	GlobalSection(ExtensibilityGlobals) = postSolution
		SolutionGuid = {F3662C16-4555-475F-9E11-25B46E4615CD}
	EndGlobalSection
EndGlobal
